
Microsoft Visual Studio Solution File, Format Version 12.00
# Visual Studio 15
Project("{FAE04EC0-301F-11D3-BF4B-00C04F79EFBC}") = "Unity.XR.Interaction.Toolkit.Samples.StarterAssets", "Unity.XR.Interaction.Toolkit.Samples.StarterAssets.csproj", "{9AC2F372-0933-0D52-69E8-494F5E58BAE9}"
EndProject
Project("{FAE04EC0-301F-11D3-BF4B-00C04F79EFBC}") = "Assembly-CSharp", "Assembly-CSharp.csproj", "{1AB87694-1596-FEED-B087-835C3B157026}"
EndProject
Project("{FAE04EC0-301F-11D3-BF4B-00C04F79EFBC}") = "Unity.XR.Interaction.Toolkit.Samples.StarterAssets.Editor", "Unity.XR.Interaction.Toolkit.Samples.StarterAssets.Editor.csproj", "{B3F4D553-0740-072D-9A12-71BD5E1473A4}"
EndProject
Global
	GlobalSection(SolutionConfigurationPlatforms) = preSolution
		Debug|Any CPU = Debug|Any CPU
		Release|Any CPU = Release|Any CPU
	EndGlobalSection
	GlobalSection(ProjectConfigurationPlatforms) = postSolution
		{9AC2F372-0933-0D52-69E8-494F5E58BAE9}.Debug|Any CPU.ActiveCfg = Debug|Any CPU
		{9AC2F372-0933-0D52-69E8-494F5E58BAE9}.Debug|Any CPU.Build.0 = Debug|Any CPU
		{9AC2F372-0933-0D52-69E8-494F5E58BAE9}.Release|Any CPU.ActiveCfg = Release|Any CPU
		{9AC2F372-0933-0D52-69E8-494F5E58BAE9}.Release|Any CPU.Build.0 = Release|Any CPU
		{1AB87694-1596-FEED-B087-835C3B157026}.Debug|Any CPU.ActiveCfg = Debug|Any CPU
		{1AB87694-1596-FEED-B087-835C3B157026}.Debug|Any CPU.Build.0 = Debug|Any CPU
		{1AB87694-1596-FEED-B087-835C3B157026}.Release|Any CPU.ActiveCfg = Release|Any CPU
		{1AB87694-1596-FEED-B087-835C3B157026}.Release|Any CPU.Build.0 = Release|Any CPU
		{B3F4D553-0740-072D-9A12-71BD5E1473A4}.Debug|Any CPU.ActiveCfg = Debug|Any CPU
		{B3F4D553-0740-072D-9A12-71BD5E1473A4}.Debug|Any CPU.Build.0 = Debug|Any CPU
		{B3F4D553-0740-072D-9A12-71BD5E1473A4}.Release|Any CPU.ActiveCfg = Release|Any CPU
		{B3F4D553-0740-072D-9A12-71BD5E1473A4}.Release|Any CPU.Build.0 = Release|Any CPU
	EndGlobalSection
	GlobalSection(SolutionProperties) = preSolution
		HideSolutionNode = FALSE
	EndGlobalSection
EndGlobal
